
Microsoft Visual Studio Solution File, Format Version 12.00
# Visual Studio Version 16
VisualStudioVersion = 16.0.30711.63
MinimumVisualStudioVersion = 10.0.40219.1
Project("{8BC9CEB8-8B4A-11D0-8D11-00A0C91BC942}") = "ConsoleApplication2", "ConsoleApplication2.vcxproj", "{7FBB584F-6D18-4CEC-ACC7-AEDA8CB2F352}"
EndProject
Global
	GlobalSection(SolutionConfigurationPlatforms) = preSolution
		Debug|x64 = Debug|x64
		Debug|x86 = Debug|x86
		Release|x64 = Release|x64
		Release|x86 = Release|x86
	EndGlobalSection
	GlobalSection(ProjectConfigurationPlatforms) = postSolution
		{7FBB584F-6D18-4CEC-ACC7-AEDA8CB2F352}.Debug|x64.ActiveCfg = Debug|x64
		{7FBB584F-6D18-4CEC-ACC7-AEDA8CB2F352}.Debug|x64.Build.0 = Debug|x64
		{7FBB584F-6D18-4CEC-ACC7-AEDA8CB2F352}.Debug|x86.ActiveCfg = Debug|Win32
		{7FBB584F-6D18-4CEC-ACC7-AEDA8CB2F352}.Debug|x86.Build.0 = Debug|Win32
		{7FBB584F-6D18-4CEC-ACC7-AEDA8CB2F352}.Release|x64.ActiveCfg = Release|x64
		{7FBB584F-6D18-4CEC-ACC7-AEDA8CB2F352}.Release|x64.Build.0 = Release|x64
		{7FBB584F-6D18-4CEC-ACC7-AEDA8CB2F352}.Release|x86.ActiveCfg = Release|Win32
		{7FBB584F-6D18-4CEC-ACC7-AEDA8CB2F352}.Release|x86.Build.0 = Release|Win32
	EndGlobalSection
	GlobalSection(SolutionProperties) = preSolution
		HideSolutionNode = FALSE
	EndGlobalSection
	GlobalSection(ExtensibilityGlobals) = postSolution
		SolutionGuid = {FCCD9D2F-E2DA-4486-9128-90583BAB53DF}
	EndGlobalSection
EndGlobal
